{
  "name": "ui-uniapp",
  "lockfileVersion": 3,
  "requires": true,
  "packages": {
    "": {
      "dependencies": {
        "base64-js": "^1.5.1",
        "buffer": "^6.0.3",
        "crypto-js": "^4.2.0",
        "plus-websocket": "^1.0.7",
        "vditor": "^3.10.5"
      }
    },
    "node_modules/base64-js": {
      "version": "1.5.1",
      "resolved": "https://registry.npmmirror.com/base64-js/-/base64-js-1.5.1.tgz",
      "integrity": "sha512-AKpaYlHn8t4SVbOHCy+b5+KKgvR4vrsD8vbvrbiQJps7fKDTkjkDry6ji0rUJjC0kzbNePLwzxq8iypo41qeWA=="
    },
    "node_modules/buffer": {
      "version": "6.0.3",
      "resolved": "https://registry.npmmirror.com/buffer/-/buffer-6.0.3.tgz",
      "integrity": "sha512-FTiCpNxtwiZZHEZbcbTIcZjERVICn9yq/pDFkTl95/AxzD1naBctN7YO68riM/gLSDY7sdrMby8hofADYuuqOA==",
      "dependencies": {
        "base64-js": "^1.3.1",
        "ieee754": "^1.2.1"
      }
    },
    "node_modules/crypto-js": {
      "version": "4.2.0",
      "resolved": "https://registry.npmmirror.com/crypto-js/-/crypto-js-4.2.0.tgz",
      "integrity": "sha512-KALDyEYgpY+Rlob/iriUtjV6d5Eq+Y191A5g4UqLAi8CyGP9N1+FdVbkc1SxKc2r4YAYqG8JzO2KGL+AizD70Q=="
    },
    "node_modules/diff-match-patch": {
      "version": "1.0.5",
      "resolved": "http://r.npm.sankuai.com/diff-match-patch/download/diff-match-patch-1.0.5.tgz",
      "integrity": "sha1-q7WE1fEM0Rlt/FWqA3AVkq4/ezc="
    },
    "node_modules/ieee754": {
      "version": "1.2.1",
      "resolved": "https://registry.npmmirror.com/ieee754/-/ieee754-1.2.1.tgz",
      "integrity": "sha512-dcyqhDvX1C46lXZcVqCpK+FtMRQVdIMN6/Df5js2zouUsqG7I6sFxitIC+7KYK29KdXOLHdu9zL4sFnoVQnqaA=="
    },
    "node_modules/plus-websocket": {
      "version": "1.0.7",
      "resolved": "https://mirrors.cloud.tencent.com/npm/plus-websocket/-/plus-websocket-1.0.7.tgz",
      "integrity": "sha512-+IO0JrkS6WFPxQ/HbQ51zKlLxKtP5wbakFrcXrCI88kG7ZmnUQFtRcV0hJXLlOOLghmGuSh52O3n+6tHBBYbKg=="
    },
    "node_modules/vditor": {
      "version": "3.10.5",
      "resolved": "http://r.npm.sankuai.com/vditor/download/vditor-3.10.5.tgz",
      "integrity": "sha1-2gSxdU1jeZMCM0Q/VEb5t58U9OM=",
      "dependencies": {
        "diff-match-patch": "^1.0.5"
      },
      "funding": {
        "url": "https://ld246.com/sponsor"
      }
    }
  }
}
